// !$*UTF8*$!
{
	archiveVersion = 1;
	classes = {
	};
	objectVersion = 46;
	objects = {

/* Begin PBXBuildFile section */
		1D3623260D0F684500981E51 /* MixTwoAudioFilesDemoAppDelegate.m in Sources */ = {isa = PBXBuildFile; fileRef = 1D3623250D0F684500981E51 /* MixTwoAudioFilesDemoAppDelegate.m */; };
		1D60589B0D05DD56006BFB54 /* main.m in Sources */ = {isa = PBXBuildFile; fileRef = 29B97316FDCFA39411CA2CEA /* main.m */; };
		1D60589F0D05DD5A006BFB54 /* Foundation.framework in Frameworks */ = {isa = PBXBuildFile; fileRef = 1D30AB110D05D00D00671497 /* Foundation.framework */; };
		1DF5F4E00D08C38300B7A737 /* UIKit.framework in Frameworks */ = {isa = PBXBuildFile; fileRef = 1DF5F4DF0D08C38300B7A737 /* UIKit.framework */; };
		288765A50DF7441C002DB57D /* CoreGraphics.framework in Frameworks */ = {isa = PBXBuildFile; fileRef = 288765A40DF7441C002DB57D /* CoreGraphics.framework */; };
		2899E5220DE3E06400AC0155 /* MixTwoAudioFilesDemoViewController.xib in Resources */ = {isa = PBXBuildFile; fileRef = 2899E5210DE3E06400AC0155 /* MixTwoAudioFilesDemoViewController.xib */; };
		28AD733F0D9D9553002E5188 /* MainWindow.xib in Resources */ = {isa = PBXBuildFile; fileRef = 28AD733E0D9D9553002E5188 /* MainWindow.xib */; };
		28D7ACF80DDB3853001CB0EB /* MixTwoAudioFilesDemoViewController.m in Sources */ = {isa = PBXBuildFile; fileRef = 28D7ACF70DDB3853001CB0EB /* MixTwoAudioFilesDemoViewController.m */; };
		CDE99D330F7B3E9900550CCF /* PCMMixer.m in Sources */ = {isa = PBXBuildFile; fileRef = CDE99D320F7B3E9900550CCF /* PCMMixer.m */; };
		CDE99D430F7B419A00550CCF /* AVFoundation.framework in Frameworks */ = {isa = PBXBuildFile; fileRef = CDE99D420F7B419A00550CCF /* AVFoundation.framework */; };
		CDE99D550F7B43F200550CCF /* AudioToolbox.framework in Frameworks */ = {isa = PBXBuildFile; fileRef = CDE99D540F7B43F200550CCF /* AudioToolbox.framework */; };
		E88922AC15B908450065A3CA /* tk.mp3 in Resources */ = {isa = PBXBuildFile; fileRef = E88922AA15B908450065A3CA /* tk.mp3 */; };
		E88922AD15B908450065A3CA /* funk.mp3 in Resources */ = {isa = PBXBuildFile; fileRef = E88922AB15B908450065A3CA /* funk.mp3 */; };
		E88922B415B908AA0065A3CA /* BJIConverter.m in Sources */ = {isa = PBXBuildFile; fileRef = E88922B315B908AA0065A3CA /* BJIConverter.m */; };
		E88922B915B90A080065A3CA /* toms.mp3 in Resources */ = {isa = PBXBuildFile; fileRef = E88922B815B90A080065A3CA /* toms.mp3 */; };
/* End PBXBuildFile section */

/* Begin PBXFileReference section */
		1D30AB110D05D00D00671497 /* Foundation.framework */ = {isa = PBXFileReference; lastKnownFileType = wrapper.framework; name = Foundation.framework; path = System/Library/Frameworks/Foundation.framework; sourceTree = SDKROOT; };
		1D3623240D0F684500981E51 /* MixTwoAudioFilesDemoAppDelegate.h */ = {isa = PBXFileReference; fileEncoding = 4; lastKnownFileType = sourcecode.c.h; path = MixTwoAudioFilesDemoAppDelegate.h; sourceTree = "<group>"; };
		1D3623250D0F684500981E51 /* MixTwoAudioFilesDemoAppDelegate.m */ = {isa = PBXFileReference; fileEncoding = 4; lastKnownFileType = sourcecode.c.objc; path = MixTwoAudioFilesDemoAppDelegate.m; sourceTree = "<group>"; };
		1D6058910D05DD3D006BFB54 /* MixTwoAudioFilesDemo.app */ = {isa = PBXFileReference; explicitFileType = wrapper.application; includeInIndex = 0; path = MixTwoAudioFilesDemo.app; sourceTree = BUILT_PRODUCTS_DIR; };
		1DF5F4DF0D08C38300B7A737 /* UIKit.framework */ = {isa = PBXFileReference; lastKnownFileType = wrapper.framework; name = UIKit.framework; path = System/Library/Frameworks/UIKit.framework; sourceTree = SDKROOT; };
		288765A40DF7441C002DB57D /* CoreGraphics.framework */ = {isa = PBXFileReference; lastKnownFileType = wrapper.framework; name = CoreGraphics.framework; path = System/Library/Frameworks/CoreGraphics.framework; sourceTree = SDKROOT; };
		2899E5210DE3E06400AC0155 /* MixTwoAudioFilesDemoViewController.xib */ = {isa = PBXFileReference; lastKnownFileType = file.xib; path = MixTwoAudioFilesDemoViewController.xib; sourceTree = "<group>"; };
		28AD733E0D9D9553002E5188 /* MainWindow.xib */ = {isa = PBXFileReference; lastKnownFileType = file.xib; path = MainWindow.xib; sourceTree = "<group>"; };
		28D7ACF60DDB3853001CB0EB /* MixTwoAudioFilesDemoViewController.h */ = {isa = PBXFileReference; fileEncoding = 4; lastKnownFileType = sourcecode.c.h; path = MixTwoAudioFilesDemoViewController.h; sourceTree = "<group>"; };
		28D7ACF70DDB3853001CB0EB /* MixTwoAudioFilesDemoViewController.m */ = {isa = PBXFileReference; fileEncoding = 4; lastKnownFileType = sourcecode.c.objc; path = MixTwoAudioFilesDemoViewController.m; sourceTree = "<group>"; };
		29B97316FDCFA39411CA2CEA /* main.m */ = {isa = PBXFileReference; fileEncoding = 4; lastKnownFileType = sourcecode.c.objc; path = main.m; sourceTree = "<group>"; };
		32CA4F630368D1EE00C91783 /* MixTwoAudioFilesDemo_Prefix.pch */ = {isa = PBXFileReference; fileEncoding = 4; lastKnownFileType = sourcecode.c.h; path = MixTwoAudioFilesDemo_Prefix.pch; sourceTree = "<group>"; };
		8D1107310486CEB800E47090 /* Info.plist */ = {isa = PBXFileReference; fileEncoding = 4; lastKnownFileType = text.plist.xml; path = Info.plist; sourceTree = "<group>"; };
		CDE99D310F7B3E9900550CCF /* PCMMixer.h */ = {isa = PBXFileReference; fileEncoding = 4; lastKnownFileType = sourcecode.c.h; path = PCMMixer.h; sourceTree = "<group>"; };
		CDE99D320F7B3E9900550CCF /* PCMMixer.m */ = {isa = PBXFileReference; fileEncoding = 4; lastKnownFileType = sourcecode.c.objc; path = PCMMixer.m; sourceTree = "<group>"; };
		CDE99D420F7B419A00550CCF /* AVFoundation.framework */ = {isa = PBXFileReference; lastKnownFileType = wrapper.framework; name = AVFoundation.framework; path = System/Library/Frameworks/AVFoundation.framework; sourceTree = SDKROOT; };
		CDE99D540F7B43F200550CCF /* AudioToolbox.framework */ = {isa = PBXFileReference; lastKnownFileType = wrapper.framework; name = AudioToolbox.framework; path = System/Library/Frameworks/AudioToolbox.framework; sourceTree = SDKROOT; };
		E88922AA15B908450065A3CA /* tk.mp3 */ = {isa = PBXFileReference; lastKnownFileType = audio.mp3; path = tk.mp3; sourceTree = "<group>"; };
		E88922AB15B908450065A3CA /* funk.mp3 */ = {isa = PBXFileReference; lastKnownFileType = audio.mp3; path = funk.mp3; sourceTree = "<group>"; };
		E88922B215B908AA0065A3CA /* BJIConverter.h */ = {isa = PBXFileReference; fileEncoding = 4; lastKnownFileType = sourcecode.c.h; path = BJIConverter.h; sourceTree = "<group>"; };
		E88922B315B908AA0065A3CA /* BJIConverter.m */ = {isa = PBXFileReference; fileEncoding = 4; lastKnownFileType = sourcecode.c.objc; path = BJIConverter.m; sourceTree = "<group>"; };
		E88922B815B90A080065A3CA /* toms.mp3 */ = {isa = PBXFileReference; lastKnownFileType = audio.mp3; path = toms.mp3; sourceTree = "<group>"; };
/* End PBXFileReference section */

/* Begin PBXFrameworksBuildPhase section */
		1D60588F0D05DD3D006BFB54 /* Frameworks */ = {
			isa = PBXFrameworksBuildPhase;
			buildActionMask = 2147483647;
			files = (
				1D60589F0D05DD5A006BFB54 /* Foundation.framework in Frameworks */,
				1DF5F4E00D08C38300B7A737 /* UIKit.framework in Frameworks */,
				288765A50DF7441C002DB57D /* CoreGraphics.framework in Frameworks */,
				CDE99D430F7B419A00550CCF /* AVFoundation.framework in Frameworks */,
				CDE99D550F7B43F200550CCF /* AudioToolbox.framework in Frameworks */,
			);
			runOnlyForDeploymentPostprocessing = 0;
		};
/* End PBXFrameworksBuildPhase section */

/* Begin PBXGroup section */
		080E96DDFE201D6D7F000001 /* Classes */ = {
			isa = PBXGroup;
			children = (
				E88922B515B908AD0065A3CA /* BJIConverter */,
				E88922AE15B9085A0065A3CA /* PCMMixer */,
				E88922AF15B908690065A3CA /* App Delegate */,
				E88922B015B908720065A3CA /* MixTwoAudioFilesDemoViewController */,
			);
			path = Classes;
			sourceTree = "<group>";
		};
		19C28FACFE9D520D11CA2CBB /* Products */ = {
			isa = PBXGroup;
			children = (
				1D6058910D05DD3D006BFB54 /* MixTwoAudioFilesDemo.app */,
			);
			name = Products;
			sourceTree = "<group>";
		};
		29B97314FDCFA39411CA2CEA /* CustomTemplate */ = {
			isa = PBXGroup;
			children = (
				080E96DDFE201D6D7F000001 /* Classes */,
				29B97315FDCFA39411CA2CEA /* Other Sources */,
				29B97317FDCFA39411CA2CEA /* Resources */,
				29B97323FDCFA39411CA2CEA /* Frameworks */,
				19C28FACFE9D520D11CA2CBB /* Products */,
			);
			name = CustomTemplate;
			sourceTree = "<group>";
		};
		29B97315FDCFA39411CA2CEA /* Other Sources */ = {
			isa = PBXGroup;
			children = (
				32CA4F630368D1EE00C91783 /* MixTwoAudioFilesDemo_Prefix.pch */,
				29B97316FDCFA39411CA2CEA /* main.m */,
			);
			name = "Other Sources";
			sourceTree = "<group>";
		};
		29B97317FDCFA39411CA2CEA /* Resources */ = {
			isa = PBXGroup;
			children = (
				E88922B115B908800065A3CA /* Audio */,
				2899E5210DE3E06400AC0155 /* MixTwoAudioFilesDemoViewController.xib */,
				28AD733E0D9D9553002E5188 /* MainWindow.xib */,
				8D1107310486CEB800E47090 /* Info.plist */,
			);
			name = Resources;
			sourceTree = "<group>";
		};
		29B97323FDCFA39411CA2CEA /* Frameworks */ = {
			isa = PBXGroup;
			children = (
				CDE99D540F7B43F200550CCF /* AudioToolbox.framework */,
				CDE99D420F7B419A00550CCF /* AVFoundation.framework */,
				1DF5F4DF0D08C38300B7A737 /* UIKit.framework */,
				1D30AB110D05D00D00671497 /* Foundation.framework */,
				288765A40DF7441C002DB57D /* CoreGraphics.framework */,
			);
			name = Frameworks;
			sourceTree = "<group>";
		};
		E88922AE15B9085A0065A3CA /* PCMMixer */ = {
			isa = PBXGroup;
			children = (
				CDE99D310F7B3E9900550CCF /* PCMMixer.h */,
				CDE99D320F7B3E9900550CCF /* PCMMixer.m */,
			);
			name = PCMMixer;
			sourceTree = "<group>";
		};
		E88922AF15B908690065A3CA /* App Delegate */ = {
			isa = PBXGroup;
			children = (
				1D3623240D0F684500981E51 /* MixTwoAudioFilesDemoAppDelegate.h */,
				1D3623250D0F684500981E51 /* MixTwoAudioFilesDemoAppDelegate.m */,
			);
			name = "App Delegate";
			sourceTree = "<group>";
		};
		E88922B015B908720065A3CA /* MixTwoAudioFilesDemoViewController */ = {
			isa = PBXGroup;
			children = (
				28D7ACF60DDB3853001CB0EB /* MixTwoAudioFilesDemoViewController.h */,
				28D7ACF70DDB3853001CB0EB /* MixTwoAudioFilesDemoViewController.m */,
			);
			name = MixTwoAudioFilesDemoViewController;
			sourceTree = "<group>";
		};
		E88922B115B908800065A3CA /* Audio */ = {
			isa = PBXGroup;
			children = (
				E88922B815B90A080065A3CA /* toms.mp3 */,
				E88922AA15B908450065A3CA /* tk.mp3 */,
				E88922AB15B908450065A3CA /* funk.mp3 */,
			);
			name = Audio;
			sourceTree = "<group>";
		};
		E88922B515B908AD0065A3CA /* BJIConverter */ = {
			isa = PBXGroup;
			children = (
				E88922B215B908AA0065A3CA /* BJIConverter.h */,
				E88922B315B908AA0065A3CA /* BJIConverter.m */,
			);
			name = BJIConverter;
			sourceTree = "<group>";
		};
/* End PBXGroup section */

/* Begin PBXNativeTarget section */
		1D6058900D05DD3D006BFB54 /* MixTwoAudioFilesDemo */ = {
			isa = PBXNativeTarget;
			buildConfigurationList = 1D6058960D05DD3E006BFB54 /* Build configuration list for PBXNativeTarget "MixTwoAudioFilesDemo" */;
			buildPhases = (
				1D60588D0D05DD3D006BFB54 /* Resources */,
				1D60588E0D05DD3D006BFB54 /* Sources */,
				1D60588F0D05DD3D006BFB54 /* Frameworks */,
			);
			buildRules = (
			);
			dependencies = (
			);
			name = MixTwoAudioFilesDemo;
			productName = MixTwoAudioFilesDemo;
			productReference = 1D6058910D05DD3D006BFB54 /* MixTwoAudioFilesDemo.app */;
			productType = "com.apple.product-type.application";
		};
/* End PBXNativeTarget section */

/* Begin PBXProject section */
		29B97313FDCFA39411CA2CEA /* Project object */ = {
			isa = PBXProject;
			attributes = {
				LastUpgradeCheck = 0430;
			};
			buildConfigurationList = C01FCF4E08A954540054247B /* Build configuration list for PBXProject "MixTwoAudioFilesDemo" */;
			compatibilityVersion = "Xcode 3.2";
			developmentRegion = English;
			hasScannedForEncodings = 1;
			knownRegions = (
				English,
				Japanese,
				French,
				German,
			);
			mainGroup = 29B97314FDCFA39411CA2CEA /* CustomTemplate */;
			projectDirPath = "";
			projectRoot = "";
			targets = (
				1D6058900D05DD3D006BFB54 /* MixTwoAudioFilesDemo */,
			);
		};
/* End PBXProject section */

/* Begin PBXResourcesBuildPhase section */
		1D60588D0D05DD3D006BFB54 /* Resources */ = {
			isa = PBXResourcesBuildPhase;
			buildActionMask = 2147483647;
			files = (
				28AD733F0D9D9553002E5188 /* MainWindow.xib in Resources */,
				2899E5220DE3E06400AC0155 /* MixTwoAudioFilesDemoViewController.xib in Resources */,
				E88922AC15B908450065A3CA /* tk.mp3 in Resources */,
				E88922AD15B908450065A3CA /* funk.mp3 in Resources */,
				E88922B915B90A080065A3CA /* toms.mp3 in Resources */,
			);
			runOnlyForDeploymentPostprocessing = 0;
		};
/* End PBXResourcesBuildPhase section */

/* Begin PBXSourcesBuildPhase section */
		1D60588E0D05DD3D006BFB54 /* Sources */ = {
			isa = PBXSourcesBuildPhase;
			buildActionMask = 2147483647;
			files = (
				1D60589B0D05DD56006BFB54 /* main.m in Sources */,
				1D3623260D0F684500981E51 /* MixTwoAudioFilesDemoAppDelegate.m in Sources */,
				28D7ACF80DDB3853001CB0EB /* MixTwoAudioFilesDemoViewController.m in Sources */,
				CDE99D330F7B3E9900550CCF /* PCMMixer.m in Sources */,
				E88922B415B908AA0065A3CA /* BJIConverter.m in Sources */,
			);
			runOnlyForDeploymentPostprocessing = 0;
		};
/* End PBXSourcesBuildPhase section */

/* Begin XCBuildConfiguration section */
		1D6058940D05DD3E006BFB54 /* Debug */ = {
			isa = XCBuildConfiguration;
			buildSettings = {
				ALWAYS_SEARCH_USER_PATHS = NO;
				COPY_PHASE_STRIP = NO;
				GCC_DYNAMIC_NO_PIC = NO;
				GCC_OPTIMIZATION_LEVEL = 0;
				GCC_PRECOMPILE_PREFIX_HEADER = YES;
				GCC_PREFIX_HEADER = MixTwoAudioFilesDemo_Prefix.pch;
				INFOPLIST_FILE = Info.plist;
				PRODUCT_NAME = MixTwoAudioFilesDemo;
			};
			name = Debug;
		};
		1D6058950D05DD3E006BFB54 /* Release */ = {
			isa = XCBuildConfiguration;
			buildSettings = {
				ALWAYS_SEARCH_USER_PATHS = NO;
				COPY_PHASE_STRIP = YES;
				GCC_PRECOMPILE_PREFIX_HEADER = YES;
				GCC_PREFIX_HEADER = MixTwoAudioFilesDemo_Prefix.pch;
				INFOPLIST_FILE = Info.plist;
				PRODUCT_NAME = MixTwoAudioFilesDemo;
			};
			name = Release;
		};
		C01FCF4F08A954540054247B /* Debug */ = {
			isa = XCBuildConfiguration;
			buildSettings = {
				ARCHS = "$(ARCHS_STANDARD_32_BIT)";
				"CODE_SIGN_IDENTITY[sdk=iphoneos*]" = "iPhone Developer";
				GCC_C_LANGUAGE_STANDARD = c99;
				GCC_WARN_ABOUT_RETURN_TYPE = YES;
				GCC_WARN_UNUSED_VARIABLE = YES;
				ONLY_ACTIVE_ARCH = YES;
				"PROVISIONING_PROFILE[sdk=iphoneos*]" = "";
				SDKROOT = iphoneos;
			};
			name = Debug;
		};
		C01FCF5008A954540054247B /* Release */ = {
			isa = XCBuildConfiguration;
			buildSettings = {
				ARCHS = "$(ARCHS_STANDARD_32_BIT)";
				"CODE_SIGN_IDENTITY[sdk=iphoneos*]" = "iPhone Developer";
				GCC_C_LANGUAGE_STANDARD = c99;
				GCC_WARN_ABOUT_RETURN_TYPE = YES;
				GCC_WARN_UNUSED_VARIABLE = YES;
				"PROVISIONING_PROFILE[sdk=iphoneos*]" = "";
				SDKROOT = iphoneos;
			};
			name = Release;
		};
/* End XCBuildConfiguration section */

/* Begin XCConfigurationList section */
		1D6058960D05DD3E006BFB54 /* Build configuration list for PBXNativeTarget "MixTwoAudioFilesDemo" */ = {
			isa = XCConfigurationList;
			buildConfigurations = (
				1D6058940D05DD3E006BFB54 /* Debug */,
				1D6058950D05DD3E006BFB54 /* Release */,
			);
			defaultConfigurationIsVisible = 0;
			defaultConfigurationName = Release;
		};
		C01FCF4E08A954540054247B /* Build configuration list for PBXProject "MixTwoAudioFilesDemo" */ = {
			isa = XCConfigurationList;
			buildConfigurations = (
				C01FCF4F08A954540054247B /* Debug */,
				C01FCF5008A954540054247B /* Release */,
			);
			defaultConfigurationIsVisible = 0;
			defaultConfigurationName = Release;
		};
/* End XCConfigurationList section */
	};
	rootObject = 29B97313FDCFA39411CA2CEA /* Project object */;
}
